# This file was autogenerated by Stack.
# You should not edit this file by hand.
# For more information, please see the documentation at:
#   https://docs.haskellstack.org/en/stable/lock_files

packages:
- completed:
    hackage: oidc-client-0.7.0.1@sha256:557341f7521e62c09abddf0d06c8e8acce119d3a9a4c4ffac1ab8ca3fc0e5067,3382
    pantry-tree:
      sha256: 51cfcd6c170923db24ba297ac9937961f6b26e041ceec8ff09500e61017b433b
      size: 1298
  original:
    hackage: oidc-client-0.7.0.1
snapshots:
- completed:
    sha256: 428ec8d5ce932190d3cbe266b9eb3c175cd81e984babf876b64019e2cbe4ea68
    size: 590100
    url: https://raw.githubusercontent.com/commercialhaskell/stackage-snapshots/master/lts/18/28.yaml
  original: lts-18.28
