# This file was autogenerated by Stack.
# You should not edit this file by hand.
# For more information, please see the documentation at:
#   https://docs.haskellstack.org/en/stable/lock_files

packages:
- completed:
    hackage: oidc-client-0.6.0.0@sha256:2079dc5c9dfb5b3e2fa93098254ca16787c01a0cd3634b1d84afe84c9a6c4825,3368
    pantry-tree:
      size: 1298
      sha256: c8dac64944a1e60d14958067e1992732effe723d60353690720c34b4d126af48
  original:
    hackage: oidc-client-0.6.0.0
snapshots:
- completed:
    size: 534126
    url: https://raw.githubusercontent.com/commercialhaskell/stackage-snapshots/master/lts/16/31.yaml
    sha256: 637fb77049b25560622a224845b7acfe81a09fdb6a96a3c75997a10b651667f6
  original: lts-16.31
